PODS:
  - Alamofire (4.7.3)
  - IQKeyboardManagerSwift (6.2.1)

DEPENDENCIES:
  - Alamofire (~> 4.7.3)
  - IQKeyboardManagerSwift

SPEC REPOS:
  https://github.com/cocoapods/specs.git:
    - Alamofire
    - IQKeyboardManagerSwift

SPEC CHECKSUMS:
  Alamofire: c7287b6e5d7da964a70935e5db17046b7fde6568
  IQKeyboardManagerSwift: 0f0ae8935360b4003e6ea1ac7c19898f01e2f7c7

PODFILE CHECKSUM: f4afcaef2b684b49f45749899025471bf5b047a5

COCOAPODS: 1.5.3
